
Microsoft Visual Studio Solution File, Format Version 12.00
# Visual Studio Version 17
VisualStudioVersion = 17.11.35312.102
MinimumVisualStudioVersion = 10.0.40219.1
Project("{FAE04EC0-301F-11D3-BF4B-00C04F79EFBC}") = "Task02", "Task02.csproj", "{228EFF8B-7006-468D-A75B-244D1ED7755B}"
EndProject
Global
	GlobalSection(SolutionConfigurationPlatforms) = preSolution
		Debug|Any CPU = Debug|Any CPU
		Release|Any CPU = Release|Any CPU
	EndGlobalSection
	GlobalSection(ProjectConfigurationPlatforms) = postSolution
		{228EFF8B-7006-468D-A75B-244D1ED7755B}.Debug|Any CPU.ActiveCfg = Debug|Any CPU
		{228EFF8B-7006-468D-A75B-244D1ED7755B}.Debug|Any CPU.Build.0 = Debug|Any CPU
		{228EFF8B-7006-468D-A75B-244D1ED7755B}.Release|Any CPU.ActiveCfg = Release|Any CPU
		{228EFF8B-7006-468D-A75B-244D1ED7755B}.Release|Any CPU.Build.0 = Release|Any CPU
	EndGlobalSection
	GlobalSection(SolutionProperties) = preSolution
		HideSolutionNode = FALSE
	EndGlobalSection
	GlobalSection(ExtensibilityGlobals) = postSolution
		SolutionGuid = {41FD3D31-F177-4EE7-A48D-A93E0B5D6C56}
	EndGlobalSection
EndGlobal
