
Microsoft Visual Studio Solution File, Format Version 12.00
# Visual Studio Version 17
VisualStudioVersion = 17.11.35312.102
MinimumVisualStudioVersion = 10.0.40219.1
Project("{FAE04EC0-301F-11D3-BF4B-00C04F79EFBC}") = "Homework09Task01", "Homework09Task01.csproj", "{BAE59FD0-7015-4714-BE95-9D7E0B714D7D}"
EndProject
Global
	GlobalSection(SolutionConfigurationPlatforms) = preSolution
		Debug|Any CPU = Debug|Any CPU
		Release|Any CPU = Release|Any CPU
	EndGlobalSection
	GlobalSection(ProjectConfigurationPlatforms) = postSolution
		{BAE59FD0-7015-4714-BE95-9D7E0B714D7D}.Debug|Any CPU.ActiveCfg = Debug|Any CPU
		{BAE59FD0-7015-4714-BE95-9D7E0B714D7D}.Debug|Any CPU.Build.0 = Debug|Any CPU
		{BAE59FD0-7015-4714-BE95-9D7E0B714D7D}.Release|Any CPU.ActiveCfg = Release|Any CPU
		{BAE59FD0-7015-4714-BE95-9D7E0B714D7D}.Release|Any CPU.Build.0 = Release|Any CPU
	EndGlobalSection
	GlobalSection(SolutionProperties) = preSolution
		HideSolutionNode = FALSE
	EndGlobalSection
	GlobalSection(ExtensibilityGlobals) = postSolution
		SolutionGuid = {88F7534B-A4E0-4C8F-82E6-698BA5C12EE7}
	EndGlobalSection
EndGlobal
